
Microsoft Visual Studio Solution File, Format Version 12.00
# Visual Studio Version 17
VisualStudioVersion = 17.0.31903.59
MinimumVisualStudioVersion = 10.0.40219.1
Project("{FAE04EC0-301F-11D3-BF4B-00C04F79EFBC}") = "core", "src\core\core.csproj", "{0999D98F-483E-4F73-9874-EF09228F50B6}"
EndProject
Project("{FAE04EC0-301F-11D3-BF4B-00C04F79EFBC}") = "svc", "src\svc\svc.csproj", "{382743B0-A472-4FFC-89F7-54A3EC7340E7}"
EndProject
Project("{FAE04EC0-301F-11D3-BF4B-00C04F79EFBC}") = "tests", "tests\tests.csproj", "{F79CE0D4-ED47-4F7B-A8A6-A3950C5447B7}"
EndProject
Project("{2150E333-8FDC-42A3-9474-1A3956D46DE8}") = "src", "src", "{C9252001-1AF7-4F53-9A09-191E6A0306E3}"
EndProject
Project("{FAE04EC0-301F-11D3-BF4B-00C04F79EFBC}") = "reporting", "src\reporting\reporting.csproj", "{4C73E547-5422-40B0-B699-7BECC63DB3AC}"
EndProject
Project("{FAE04EC0-301F-11D3-BF4B-00C04F79EFBC}") = "common", "src\common\common.csproj", "{B08BD6E9-B533-49BF-A168-66FB190ABD07}"
EndProject
Global
	GlobalSection(SolutionConfigurationPlatforms) = preSolution
		Debug|Any CPU = Debug|Any CPU
		Release|Any CPU = Release|Any CPU
	EndGlobalSection
	GlobalSection(SolutionProperties) = preSolution
		HideSolutionNode = FALSE
	EndGlobalSection
	GlobalSection(ProjectConfigurationPlatforms) = postSolution
		{0999D98F-483E-4F73-9874-EF09228F50B6}.Debug|Any CPU.ActiveCfg = Debug|Any CPU
		{0999D98F-483E-4F73-9874-EF09228F50B6}.Debug|Any CPU.Build.0 = Debug|Any CPU
		{0999D98F-483E-4F73-9874-EF09228F50B6}.Release|Any CPU.ActiveCfg = Release|Any CPU
		{0999D98F-483E-4F73-9874-EF09228F50B6}.Release|Any CPU.Build.0 = Release|Any CPU
		{382743B0-A472-4FFC-89F7-54A3EC7340E7}.Debug|Any CPU.ActiveCfg = Debug|Any CPU
		{382743B0-A472-4FFC-89F7-54A3EC7340E7}.Debug|Any CPU.Build.0 = Debug|Any CPU
		{382743B0-A472-4FFC-89F7-54A3EC7340E7}.Release|Any CPU.ActiveCfg = Release|Any CPU
		{382743B0-A472-4FFC-89F7-54A3EC7340E7}.Release|Any CPU.Build.0 = Release|Any CPU
		{F79CE0D4-ED47-4F7B-A8A6-A3950C5447B7}.Debug|Any CPU.ActiveCfg = Debug|Any CPU
		{F79CE0D4-ED47-4F7B-A8A6-A3950C5447B7}.Debug|Any CPU.Build.0 = Debug|Any CPU
		{F79CE0D4-ED47-4F7B-A8A6-A3950C5447B7}.Release|Any CPU.ActiveCfg = Release|Any CPU
		{F79CE0D4-ED47-4F7B-A8A6-A3950C5447B7}.Release|Any CPU.Build.0 = Release|Any CPU
		{4C73E547-5422-40B0-B699-7BECC63DB3AC}.Debug|Any CPU.ActiveCfg = Debug|Any CPU
		{4C73E547-5422-40B0-B699-7BECC63DB3AC}.Debug|Any CPU.Build.0 = Debug|Any CPU
		{4C73E547-5422-40B0-B699-7BECC63DB3AC}.Release|Any CPU.ActiveCfg = Release|Any CPU
		{4C73E547-5422-40B0-B699-7BECC63DB3AC}.Release|Any CPU.Build.0 = Release|Any CPU
		{B08BD6E9-B533-49BF-A168-66FB190ABD07}.Debug|Any CPU.ActiveCfg = Debug|Any CPU
		{B08BD6E9-B533-49BF-A168-66FB190ABD07}.Debug|Any CPU.Build.0 = Debug|Any CPU
		{B08BD6E9-B533-49BF-A168-66FB190ABD07}.Release|Any CPU.ActiveCfg = Release|Any CPU
		{B08BD6E9-B533-49BF-A168-66FB190ABD07}.Release|Any CPU.Build.0 = Release|Any CPU
	EndGlobalSection
	GlobalSection(NestedProjects) = preSolution
		{4C73E547-5422-40B0-B699-7BECC63DB3AC} = {C9252001-1AF7-4F53-9A09-191E6A0306E3}
		{B08BD6E9-B533-49BF-A168-66FB190ABD07} = {C9252001-1AF7-4F53-9A09-191E6A0306E3}
	EndGlobalSection
EndGlobal
